{
  "name": "456dice-frontend",
  "version": "1.0.0",
  "lockfileVersion": 2,
  "requires": true,
  "packages": {
    "": {
      "name": "456dice-frontend",
      "version": "1.0.0",
      "dependencies": {
        "react": "^18.0.0",
        "react-dom": "^18.0.0",
        "react-scripts": "^5.0.0"
      }
    },
    "node_modules/react": {
      "version": "18.0.0",
      "resolved": "https://registry.npmjs.org/react/-/react-18.0.0.tgz",
      "integrity": "sha512-..."
    },
    "node_modules/react-dom": {
      "version": "18.0.0",
      "resolved": "https://registry.npmjs.org/react-dom/-/react-dom-18.0.0.tgz",
      "integrity": "sha512-..."
    },
    "node_modules/react-scripts": {
      "version": "5.0.0",
      "resolved": "https://registry.npmjs.org/react-scripts/-/react-scripts-5.0.0.tgz",
      "integrity": "sha512-..."
    }
  }
}
